
Microsoft Visual Studio Solution File, Format Version 12.00
# Visual Studio Version 17
VisualStudioVersion = 17.5.002.0
MinimumVisualStudioVersion = 10.0.40219.1
Project("{9A19103F-16F7-4668-BE54-9A1E7A4F7556}") = "Aula5", "Aula5.csproj", "{9C662B3F-F70D-4F71-A843-F3D9F81737CA}"
EndProject
Global
	GlobalSection(SolutionConfigurationPlatforms) = preSolution
		Debug|Any CPU = Debug|Any CPU
		Release|Any CPU = Release|Any CPU
	EndGlobalSection
	GlobalSection(ProjectConfigurationPlatforms) = postSolution
		{9C662B3F-F70D-4F71-A843-F3D9F81737CA}.Debug|Any CPU.ActiveCfg = Debug|Any CPU
		{9C662B3F-F70D-4F71-A843-F3D9F81737CA}.Debug|Any CPU.Build.0 = Debug|Any CPU
		{9C662B3F-F70D-4F71-A843-F3D9F81737CA}.Release|Any CPU.ActiveCfg = Release|Any CPU
		{9C662B3F-F70D-4F71-A843-F3D9F81737CA}.Release|Any CPU.Build.0 = Release|Any CPU
	EndGlobalSection
	GlobalSection(SolutionProperties) = preSolution
		HideSolutionNode = FALSE
	EndGlobalSection
	GlobalSection(ExtensibilityGlobals) = postSolution
		SolutionGuid = {1723CD9F-C485-4A8B-9DDF-045252665F6D}
	EndGlobalSection
EndGlobal
